
Microsoft Visual Studio Solution File, Format Version 12.00
# Visual Studio Version 16
VisualStudioVersion = 16.0.30011.22
MinimumVisualStudioVersion = 10.0.40219.1
Project("{FAE04EC0-301F-11D3-BF4B-00C04F79EFBC}") = "CourseLibrary.API", "CourseLibrary.API\CourseLibrary.API.csproj", "{1333957F-1105-445E-A666-89F35C56B146}"
EndProject
Global
	GlobalSection(SolutionConfigurationPlatforms) = preSolution
		Debug|Any CPU = Debug|Any CPU
		Release|Any CPU = Release|Any CPU
	EndGlobalSection
	GlobalSection(ProjectConfigurationPlatforms) = postSolution
		{1333957F-1105-445E-A666-89F35C56B146}.Debug|Any CPU.ActiveCfg = Debug|Any CPU
		{1333957F-1105-445E-A666-89F35C56B146}.Debug|Any CPU.Build.0 = Debug|Any CPU
		{1333957F-1105-445E-A666-89F35C56B146}.Release|Any CPU.ActiveCfg = Release|Any CPU
		{1333957F-1105-445E-A666-89F35C56B146}.Release|Any CPU.Build.0 = Release|Any CPU
	EndGlobalSection
	GlobalSection(SolutionProperties) = preSolution
		HideSolutionNode = FALSE
	EndGlobalSection
	GlobalSection(ExtensibilityGlobals) = postSolution
		SolutionGuid = {563CFABB-562A-4CC6-B76C-F7BF446F9377}
	EndGlobalSection
EndGlobal
